github.com/zetxek/adritian-free-hugo-theme v1.8.6 h1:j0XXSXuud5O24j1pwFMG6XRHdYnebksyRHJzNVyLg9k=
github.com/zetxek/adritian-free-hugo-theme v1.8.6/go.mod h1:RZxMuUPx+AJwqABiHDQWSVEskypgZCqZ0MwOgCvA6o0=
github.com/zetxek/adritian-free-hugo-theme v1.9.1 h1:TUQEA7nsR6G65B4GWoX2CqkcOBlu+eumqrxNJostPfc=
github.com/zetxek/adritian-free-hugo-theme v1.9.1/go.mod h1:RZxMuUPx+AJwqABiHDQWSVEskypgZCqZ0MwOgCvA6o0=
